{
  "name": "tw-handler",
  "version": "1.0.0",
  "lockfileVersion": 2,
  "requires": true,
  "packages": {
    "": {
      "name": "tw-handler",
      "version": "1.0.0",
      "license": "ISC",
      "dependencies": {
        "tailwind-css-variables": "^3.0.1"
      }
    },
    "node_modules/tailwind-css-variables": {
      "version": "3.0.1",
      "resolved": "https://registry.npmjs.org/tailwind-css-variables/-/tailwind-css-variables-3.0.1.tgz",
      "integrity": "sha512-A+nTugMfxrhpTuSuUR+gCjj8ptiyJ7CcPDH15T09KyqaiqXRyxkKBux18/c+qjB8pDUlaZD52IoJVcC0zRsgAw=="
    }
  },
  "dependencies": {
    "tailwind-css-variables": {
      "version": "3.0.1",
      "resolved": "https://registry.npmjs.org/tailwind-css-variables/-/tailwind-css-variables-3.0.1.tgz",
      "integrity": "sha512-A+nTugMfxrhpTuSuUR+gCjj8ptiyJ7CcPDH15T09KyqaiqXRyxkKBux18/c+qjB8pDUlaZD52IoJVcC0zRsgAw=="
    }
  }
}
